
Microsoft Visual Studio Solution File, Format Version 12.00
# Visual Studio Version 17
VisualStudioVersion = 17.9.34723.18
MinimumVisualStudioVersion = 10.0.40219.1
Project("{FAE04EC0-301F-11D3-BF4B-00C04F79EFBC}") = "JogoDaVelha", "JogoDaVelha\JogoDaVelha.csproj", "{711FA5D7-0931-4936-9D66-DE8D8AF21D5B}"
EndProject
Global
	GlobalSection(SolutionConfigurationPlatforms) = preSolution
		Debug|Any CPU = Debug|Any CPU
		Release|Any CPU = Release|Any CPU
	EndGlobalSection
	GlobalSection(ProjectConfigurationPlatforms) = postSolution
		{711FA5D7-0931-4936-9D66-DE8D8AF21D5B}.Debug|Any CPU.ActiveCfg = Debug|Any CPU
		{711FA5D7-0931-4936-9D66-DE8D8AF21D5B}.Debug|Any CPU.Build.0 = Debug|Any CPU
		{711FA5D7-0931-4936-9D66-DE8D8AF21D5B}.Release|Any CPU.ActiveCfg = Release|Any CPU
		{711FA5D7-0931-4936-9D66-DE8D8AF21D5B}.Release|Any CPU.Build.0 = Release|Any CPU
	EndGlobalSection
	GlobalSection(SolutionProperties) = preSolution
		HideSolutionNode = FALSE
	EndGlobalSection
	GlobalSection(ExtensibilityGlobals) = postSolution
		SolutionGuid = {3A01F64A-82B4-4C7A-82DE-DF4512ED18B0}
	EndGlobalSection
EndGlobal
